{
  "nodes": {
    "nixpkgs": {
      "locked": {
        "lastModified": 1789785513,
        "narHash": "sha256-B44WL6h0XoLjJ41bUPJk0X5SDinLCII//6EcBLXKiJ0=",
        "owner": "NixOS",
        "repo": "nixpkgs",
        "rev": "20b1ddd1aa5ace70c9468305030aa4f9ef79671b",
        "type": "github"
      },
      "original": {
        "owner": "NixOS",
        "ref": "nixos-unstable",
        "repo": "nixpkgs",
        "type": "github"
      }
    },
    "omarchy": {
      "flake": false,
      "locked": {
        "lastModified": 1789450452,
        "narHash": "sha256-nstxM+CP6al2I4N1LAKdYBvJ4tytD1m8jssiCD7PXTY=",
        "owner": "basecamp",
        "repo": "omarchy",
        "rev": "c668141e9c42b13c80c9ca4ea108e11708c5e8a5",
        "type": "github"
      },
      "original": {
        "owner": "basecamp",
        "ref": "v4.0.4",
        "repo": "omarchy",
        "type": "github"
      }
    },
    "root": {
      "inputs": {
        "nixpkgs": "nixpkgs",
        "omarchy": "omarchy"
      }
    }
  },
  "root": "root",
  "version": 7
}
